// !$*UTF8*$!
{
	archiveVersion = 1;
	classes = {
	};
	objectVersion = 56;
	objects = {

/* Begin PBXBuildFile section */
		05C5A56A2CE58B5F00966149 /* RecipesApp.swift in Sources */ = {isa = PBXBuildFile; fileRef = 05C5A5692CE58B5F00966149 /* RecipesApp.swift */; };
		05C5A56C2CE58B5F00966149 /* ContentView.swift in Sources */ = {isa = PBXBuildFile; fileRef = 05C5A56B2CE58B5F00966149 /* ContentView.swift */; };
		05C5A56E2CE58B6100966149 /* Assets.xcassets in Resources */ = {isa = PBXBuildFile; fileRef = 05C5A56D2CE58B6100966149 /* Assets.xcassets */; };
		05C5A5712CE58B6100966149 /* Preview Assets.xcassets in Resources */ = {isa = PBXBuildFile; fileRef = 05C5A5702CE58B6100966149 /* Preview Assets.xcassets */; };
		05C5A57B2CE58B6100966149 /* RecipesTests.swift in Sources */ = {isa = PBXBuildFile; fileRef = 05C5A57A2CE58B6100966149 /* RecipesTests.swift */; };
		05C5A5852CE58B6100966149 /* RecipesUITests.swift in Sources */ = {isa = PBXBuildFile; fileRef = 05C5A5842CE58B6100966149 /* RecipesUITests.swift */; };
		05C5A5872CE58B6100966149 /* RecipesUITestsLaunchTests.swift in Sources */ = {isa = PBXBuildFile; fileRef = 05C5A5862CE58B6100966149 /* RecipesUITestsLaunchTests.swift */; };
		05C5A5952CE58BDF00966149 /* Recipe.swift in Sources */ = {isa = PBXBuildFile; fileRef = 05C5A5942CE58BDF00966149 /* Recipe.swift */; };
		05C5A5982CE58C2500966149 /* NetworkManager.swift in Sources */ = {isa = PBXBuildFile; fileRef = 05C5A5972CE58C2500966149 /* NetworkManager.swift */; };
		05C5A59B2CE58C6E00966149 /* NetworkError.swift in Sources */ = {isa = PBXBuildFile; fileRef = 05C5A59A2CE58C6E00966149 /* NetworkError.swift */; };
		05C5A59E2CE58CBB00966149 /* RecipesViewModel.swift in Sources */ = {isa = PBXBuildFile; fileRef = 05C5A59D2CE58CBB00966149 /* RecipesViewModel.swift */; };
		05C5A5A12CE58D0B00966149 /* RecipeRowView.swift in Sources */ = {isa = PBXBuildFile; fileRef = 05C5A5A02CE58D0B00966149 /* RecipeRowView.swift */; };
		05C5A5A32CE58D2B00966149 /* RecipesListView.swift in Sources */ = {isa = PBXBuildFile; fileRef = 05C5A5A22CE58D2B00966149 /* RecipesListView.swift */; };
		05C5A5A52CE58D7C00966149 /* MockRecipeService.swift in Sources */ = {isa = PBXBuildFile; fileRef = 05C5A5A42CE58D7C00966149 /* MockRecipeService.swift */; };
/* End PBXBuildFile section */

/* Begin PBXContainerItemProxy section */
		05C5A5772CE58B6100966149 /* PBXContainerItemProxy */ = {
			isa = PBXContainerItemProxy;
			containerPortal = 05C5A55E2CE58B5F00966149 /* Project object */;
			proxyType = 1;
			remoteGlobalIDString = 05C5A5652CE58B5F00966149;
			remoteInfo = Recipes;
		};
		05C5A5812CE58B6100966149 /* PBXContainerItemProxy */ = {
			isa = PBXContainerItemProxy;
			containerPortal = 05C5A55E2CE58B5F00966149 /* Project object */;
			proxyType = 1;
			remoteGlobalIDString = 05C5A5652CE58B5F00966149;
			remoteInfo = Recipes;
		};
/* End PBXContainerItemProxy section */

/* Begin PBXFileReference section */
		05C5A5662CE58B5F00966149 /* Recipes.app */ = {isa = PBXFileReference; explicitFileType = wrapper.application; includeInIndex = 0; path = Recipes.app; sourceTree = BUILT_PRODUCTS_DIR; };
		05C5A5692CE58B5F00966149 /* RecipesApp.swift */ = {isa = PBXFileReference; lastKnownFileType = sourcecode.swift; path = RecipesApp.swift; sourceTree = "<group>"; };
		05C5A56B2CE58B5F00966149 /* ContentView.swift */ = {isa = PBXFileReference; lastKnownFileType = sourcecode.swift; path = ContentView.swift; sourceTree = "<group>"; };
		05C5A56D2CE58B6100966149 /* Assets.xcassets */ = {isa = PBXFileReference; lastKnownFileType = folder.assetcatalog; path = Assets.xcassets; sourceTree = "<group>"; };
		05C5A5702CE58B6100966149 /* Preview Assets.xcassets */ = {isa = PBXFileReference; lastKnownFileType = folder.assetcatalog; path = "Preview Assets.xcassets"; sourceTree = "<group>"; };
		05C5A5762CE58B6100966149 /* RecipesTests.xctest */ = {isa = PBXFileReference; explicitFileType = wrapper.cfbundle; includeInIndex = 0; path = RecipesTests.xctest; sourceTree = BUILT_PRODUCTS_DIR; };
		05C5A57A2CE58B6100966149 /* RecipesTests.swift */ = {isa = PBXFileReference; lastKnownFileType = sourcecode.swift; path = RecipesTests.swift; sourceTree = "<group>"; };
		05C5A5802CE58B6100966149 /* RecipesUITests.xctest */ = {isa = PBXFileReference; explicitFileType = wrapper.cfbundle; includeInIndex = 0; path = RecipesUITests.xctest; sourceTree = BUILT_PRODUCTS_DIR; };
		05C5A5842CE58B6100966149 /* RecipesUITests.swift */ = {isa = PBXFileReference; lastKnownFileType = sourcecode.swift; path = RecipesUITests.swift; sourceTree = "<group>"; };
		05C5A5862CE58B6100966149 /* RecipesUITestsLaunchTests.swift */ = {isa = PBXFileReference; lastKnownFileType = sourcecode.swift; path = RecipesUITestsLaunchTests.swift; sourceTree = "<group>"; };
		05C5A5942CE58BDF00966149 /* Recipe.swift */ = {isa = PBXFileReference; lastKnownFileType = sourcecode.swift; path = Recipe.swift; sourceTree = "<group>"; };
		05C5A5972CE58C2500966149 /* NetworkManager.swift */ = {isa = PBXFileReference; lastKnownFileType = sourcecode.swift; path = NetworkManager.swift; sourceTree = "<group>"; };
		05C5A59A2CE58C6E00966149 /* NetworkError.swift */ = {isa = PBXFileReference; lastKnownFileType = sourcecode.swift; path = NetworkError.swift; sourceTree = "<group>"; };
		05C5A59D2CE58CBB00966149 /* RecipesViewModel.swift */ = {isa = PBXFileReference; lastKnownFileType = sourcecode.swift; path = RecipesViewModel.swift; sourceTree = "<group>"; };
		05C5A5A02CE58D0B00966149 /* RecipeRowView.swift */ = {isa = PBXFileReference; lastKnownFileType = sourcecode.swift; path = RecipeRowView.swift; sourceTree = "<group>"; };
		05C5A5A22CE58D2B00966149 /* RecipesListView.swift */ = {isa = PBXFileReference; lastKnownFileType = sourcecode.swift; path = RecipesListView.swift; sourceTree = "<group>"; };
		05C5A5A42CE58D7C00966149 /* MockRecipeService.swift */ = {isa = PBXFileReference; lastKnownFileType = sourcecode.swift; path = MockRecipeService.swift; sourceTree = "<group>"; };
/* End PBXFileReference section */

/* Begin PBXFrameworksBuildPhase section */
		05C5A5632CE58B5F00966149 /* Frameworks */ = {
			isa = PBXFrameworksBuildPhase;
			buildActionMask = 2147483647;
			files = (
			);
			runOnlyForDeploymentPostprocessing = 0;
		};
		05C5A5732CE58B6100966149 /* Frameworks */ = {
			isa = PBXFrameworksBuildPhase;
			buildActionMask = 2147483647;
			files = (
			);
			runOnlyForDeploymentPostprocessing = 0;
		};
		05C5A57D2CE58B6100966149 /* Frameworks */ = {
			isa = PBXFrameworksBuildPhase;
			buildActionMask = 2147483647;
			files = (
			);
			runOnlyForDeploymentPostprocessing = 0;
		};
/* End PBXFrameworksBuildPhase section */

/* Begin PBXGroup section */
		05C5A55D2CE58B5F00966149 = {
			isa = PBXGroup;
			children = (
				05C5A5682CE58B5F00966149 /* Recipes */,
				05C5A5792CE58B6100966149 /* RecipesTests */,
				05C5A5832CE58B6100966149 /* RecipesUITests */,
				05C5A5672CE58B5F00966149 /* Products */,
			);
			sourceTree = "<group>";
		};
		05C5A5672CE58B5F00966149 /* Products */ = {
			isa = PBXGroup;
			children = (
				05C5A5662CE58B5F00966149 /* Recipes.app */,
				05C5A5762CE58B6100966149 /* RecipesTests.xctest */,
				05C5A5802CE58B6100966149 /* RecipesUITests.xctest */,
			);
			name = Products;
			sourceTree = "<group>";
		};
		05C5A5682CE58B5F00966149 /* Recipes */ = {
			isa = PBXGroup;
			children = (
				05C5A59F2CE58CEA00966149 /* Views */,
				05C5A59C2CE58C9500966149 /* ViewModel */,
				05C5A5962CE58C0300966149 /* Network */,
				05C5A5932CE58BBC00966149 /* Model */,
				05C5A5692CE58B5F00966149 /* RecipesApp.swift */,
				05C5A56B2CE58B5F00966149 /* ContentView.swift */,
				05C5A56D2CE58B6100966149 /* Assets.xcassets */,
				05C5A56F2CE58B6100966149 /* Preview Content */,
			);
			path = Recipes;
			sourceTree = "<group>";
		};
		05C5A56F2CE58B6100966149 /* Preview Content */ = {
			isa = PBXGroup;
			children = (
				05C5A5702CE58B6100966149 /* Preview Assets.xcassets */,
			);
			path = "Preview Content";
			sourceTree = "<group>";
		};
		05C5A5792CE58B6100966149 /* RecipesTests */ = {
			isa = PBXGroup;
			children = (
				05C5A57A2CE58B6100966149 /* RecipesTests.swift */,
				05C5A5A42CE58D7C00966149 /* MockRecipeService.swift */,
			);
			path = RecipesTests;
			sourceTree = "<group>";
		};
		05C5A5832CE58B6100966149 /* RecipesUITests */ = {
			isa = PBXGroup;
			children = (
				05C5A5842CE58B6100966149 /* RecipesUITests.swift */,
				05C5A5862CE58B6100966149 /* RecipesUITestsLaunchTests.swift */,
			);
			path = RecipesUITests;
			sourceTree = "<group>";
		};
		05C5A5932CE58BBC00966149 /* Model */ = {
			isa = PBXGroup;
			children = (
				05C5A5942CE58BDF00966149 /* Recipe.swift */,
			);
			path = Model;
			sourceTree = "<group>";
		};
		05C5A5962CE58C0300966149 /* Network */ = {
			isa = PBXGroup;
			children = (
				05C5A5992CE58C4D00966149 /* Errors */,
				05C5A5972CE58C2500966149 /* NetworkManager.swift */,
			);
			path = Network;
			sourceTree = "<group>";
		};
		05C5A5992CE58C4D00966149 /* Errors */ = {
			isa = PBXGroup;
			children = (
				05C5A59A2CE58C6E00966149 /* NetworkError.swift */,
			);
			path = Errors;
			sourceTree = "<group>";
		};
		05C5A59C2CE58C9500966149 /* ViewModel */ = {
			isa = PBXGroup;
			children = (
				05C5A59D2CE58CBB00966149 /* RecipesViewModel.swift */,
			);
			path = ViewModel;
			sourceTree = "<group>";
		};
		05C5A59F2CE58CEA00966149 /* Views */ = {
			isa = PBXGroup;
			children = (
				05C5A5A02CE58D0B00966149 /* RecipeRowView.swift */,
				05C5A5A22CE58D2B00966149 /* RecipesListView.swift */,
			);
			path = Views;
			sourceTree = "<group>";
		};
/* End PBXGroup section */

/* Begin PBXNativeTarget section */
		05C5A5652CE58B5F00966149 /* Recipes */ = {
			isa = PBXNativeTarget;
			buildConfigurationList = 05C5A58A2CE58B6100966149 /* Build configuration list for PBXNativeTarget "Recipes" */;
			buildPhases = (
				05C5A5622CE58B5F00966149 /* Sources */,
				05C5A5632CE58B5F00966149 /* Frameworks */,
				05C5A5642CE58B5F00966149 /* Resources */,
			);
			buildRules = (
			);
			dependencies = (
			);
			name = Recipes;
			productName = Recipes;
			productReference = 05C5A5662CE58B5F00966149 /* Recipes.app */;
			productType = "com.apple.product-type.application";
		};
		05C5A5752CE58B6100966149 /* RecipesTests */ = {
			isa = PBXNativeTarget;
			buildConfigurationList = 05C5A58D2CE58B6100966149 /* Build configuration list for PBXNativeTarget "RecipesTests" */;
			buildPhases = (
				05C5A5722CE58B6100966149 /* Sources */,
				05C5A5732CE58B6100966149 /* Frameworks */,
				05C5A5742CE58B6100966149 /* Resources */,
			);
			buildRules = (
			);
			dependencies = (
				05C5A5782CE58B6100966149 /* PBXTargetDependency */,
			);
			name = RecipesTests;
			productName = RecipesTests;
			productReference = 05C5A5762CE58B6100966149 /* RecipesTests.xctest */;
			productType = "com.apple.product-type.bundle.unit-test";
		};
		05C5A57F2CE58B6100966149 /* RecipesUITests */ = {
			isa = PBXNativeTarget;
			buildConfigurationList = 05C5A5902CE58B6100966149 /* Build configuration list for PBXNativeTarget "RecipesUITests" */;
			buildPhases = (
				05C5A57C2CE58B6100966149 /* Sources */,
				05C5A57D2CE58B6100966149 /* Frameworks */,
				05C5A57E2CE58B6100966149 /* Resources */,
			);
			buildRules = (
			);
			dependencies = (
				05C5A5822CE58B6100966149 /* PBXTargetDependency */,
			);
			name = RecipesUITests;
			productName = RecipesUITests;
			productReference = 05C5A5802CE58B6100966149 /* RecipesUITests.xctest */;
			productType = "com.apple.product-type.bundle.ui-testing";
		};
/* End PBXNativeTarget section */

/* Begin PBXProject section */
		05C5A55E2CE58B5F00966149 /* Project object */ = {
			isa = PBXProject;
			attributes = {
				BuildIndependentTargetsInParallel = 1;
				LastSwiftUpdateCheck = 1500;
				LastUpgradeCheck = 1500;
				TargetAttributes = {
					05C5A5652CE58B5F00966149 = {
						CreatedOnToolsVersion = 15.0.1;
					};
					05C5A5752CE58B6100966149 = {
						CreatedOnToolsVersion = 15.0.1;
						TestTargetID = 05C5A5652CE58B5F00966149;
					};
					05C5A57F2CE58B6100966149 = {
						CreatedOnToolsVersion = 15.0.1;
						TestTargetID = 05C5A5652CE58B5F00966149;
					};
				};
			};
			buildConfigurationList = 05C5A5612CE58B5F00966149 /* Build configuration list for PBXProject "Recipes" */;
			compatibilityVersion = "Xcode 14.0";
			developmentRegion = en;
			hasScannedForEncodings = 0;
			knownRegions = (
				en,
				Base,
			);
			mainGroup = 05C5A55D2CE58B5F00966149;
			productRefGroup = 05C5A5672CE58B5F00966149 /* Products */;
			projectDirPath = "";
			projectRoot = "";
			targets = (
				05C5A5652CE58B5F00966149 /* Recipes */,
				05C5A5752CE58B6100966149 /* RecipesTests */,
				05C5A57F2CE58B6100966149 /* RecipesUITests */,
			);
		};
/* End PBXProject section */

/* Begin PBXResourcesBuildPhase section */
		05C5A5642CE58B5F00966149 /* Resources */ = {
			isa = PBXResourcesBuildPhase;
			buildActionMask = 2147483647;
			files = (
				05C5A5712CE58B6100966149 /* Preview Assets.xcassets in Resources */,
				05C5A56E2CE58B6100966149 /* Assets.xcassets in Resources */,
			);
			runOnlyForDeploymentPostprocessing = 0;
		};
		05C5A5742CE58B6100966149 /* Resources */ = {
			isa = PBXResourcesBuildPhase;
			buildActionMask = 2147483647;
			files = (
			);
			runOnlyForDeploymentPostprocessing = 0;
		};
		05C5A57E2CE58B6100966149 /* Resources */ = {
			isa = PBXResourcesBuildPhase;
			buildActionMask = 2147483647;
			files = (
			);
			runOnlyForDeploymentPostprocessing = 0;
		};
/* End PBXResourcesBuildPhase section */

/* Begin PBXSourcesBuildPhase section */
		05C5A5622CE58B5F00966149 /* Sources */ = {
			isa = PBXSourcesBuildPhase;
			buildActionMask = 2147483647;
			files = (
				05C5A5A12CE58D0B00966149 /* RecipeRowView.swift in Sources */,
				05C5A59E2CE58CBB00966149 /* RecipesViewModel.swift in Sources */,
				05C5A5A32CE58D2B00966149 /* RecipesListView.swift in Sources */,
				05C5A5982CE58C2500966149 /* NetworkManager.swift in Sources */,
				05C5A5952CE58BDF00966149 /* Recipe.swift in Sources */,
				05C5A56C2CE58B5F00966149 /* ContentView.swift in Sources */,
				05C5A56A2CE58B5F00966149 /* RecipesApp.swift in Sources */,
				05C5A59B2CE58C6E00966149 /* NetworkError.swift in Sources */,
			);
			runOnlyForDeploymentPostprocessing = 0;
		};
		05C5A5722CE58B6100966149 /* Sources */ = {
			isa = PBXSourcesBuildPhase;
			buildActionMask = 2147483647;
			files = (
				05C5A57B2CE58B6100966149 /* RecipesTests.swift in Sources */,
				05C5A5A52CE58D7C00966149 /* MockRecipeService.swift in Sources */,
			);
			runOnlyForDeploymentPostprocessing = 0;
		};
		05C5A57C2CE58B6100966149 /* Sources */ = {
			isa = PBXSourcesBuildPhase;
			buildActionMask = 2147483647;
			files = (
				05C5A5872CE58B6100966149 /* RecipesUITestsLaunchTests.swift in Sources */,
				05C5A5852CE58B6100966149 /* RecipesUITests.swift in Sources */,
			);
			runOnlyForDeploymentPostprocessing = 0;
		};
/* End PBXSourcesBuildPhase section */

/* Begin PBXTargetDependency section */
		05C5A5782CE58B6100966149 /* PBXTargetDependency */ = {
			isa = PBXTargetDependency;
			target = 05C5A5652CE58B5F00966149 /* Recipes */;
			targetProxy = 05C5A5772CE58B6100966149 /* PBXContainerItemProxy */;
		};
		05C5A5822CE58B6100966149 /* PBXTargetDependency */ = {
			isa = PBXTargetDependency;
			target = 05C5A5652CE58B5F00966149 /* Recipes */;
			targetProxy = 05C5A5812CE58B6100966149 /* PBXContainerItemProxy */;
		};
/* End PBXTargetDependency section */

/* Begin XCBuildConfiguration section */
		05C5A5882CE58B6100966149 /* Debug */ = {
			isa = XCBuildConfiguration;
			buildSettings = {
				ALWAYS_SEARCH_USER_PATHS = NO;
				ASSETCATALOG_COMPILER_GENERATE_SWIFT_ASSET_SYMBOL_EXTENSIONS = YES;
				CLANG_ANALYZER_NONNULL = YES;
				CLANG_ANALYZER_NUMBER_OBJECT_CONVERSION = YES_AGGRESSIVE;
				CLANG_CXX_LANGUAGE_STANDARD = "gnu++20";
				CLANG_ENABLE_MODULES = YES;
				CLANG_ENABLE_OBJC_ARC = YES;
				CLANG_ENABLE_OBJC_WEAK = YES;
				CLANG_WARN_BLOCK_CAPTURE_AUTORELEASING = YES;
				CLANG_WARN_BOOL_CONVERSION = YES;
				CLANG_WARN_COMMA = YES;
				CLANG_WARN_CONSTANT_CONVERSION = YES;
				CLANG_WARN_DEPRECATED_OBJC_IMPLEMENTATIONS = YES;
				CLANG_WARN_DIRECT_OBJC_ISA_USAGE = YES_ERROR;
				CLANG_WARN_DOCUMENTATION_COMMENTS = YES;
				CLANG_WARN_EMPTY_BODY = YES;
				CLANG_WARN_ENUM_CONVERSION = YES;
				CLANG_WARN_INFINITE_RECURSION = YES;
				CLANG_WARN_INT_CONVERSION = YES;
				CLANG_WARN_NON_LITERAL_NULL_CONVERSION = YES;
				CLANG_WARN_OBJC_IMPLICIT_RETAIN_SELF = YES;
				CLANG_WARN_OBJC_LITERAL_CONVERSION = YES;
				CLANG_WARN_OBJC_ROOT_CLASS = YES_ERROR;
				CLANG_WARN_QUOTED_INCLUDE_IN_FRAMEWORK_HEADER = YES;
				CLANG_WARN_RANGE_LOOP_ANALYSIS = YES;
				CLANG_WARN_STRICT_PROTOTYPES = YES;
				CLANG_WARN_SUSPICIOUS_MOVE = YES;
				CLANG_WARN_UNGUARDED_AVAILABILITY = YES_AGGRESSIVE;
				CLANG_WARN_UNREACHABLE_CODE = YES;
				CLANG_WARN__DUPLICATE_METHOD_MATCH = YES;
				COPY_PHASE_STRIP = NO;
				DEBUG_INFORMATION_FORMAT = dwarf;
				ENABLE_STRICT_OBJC_MSGSEND = YES;
				ENABLE_TESTABILITY = YES;
				ENABLE_USER_SCRIPT_SANDBOXING = YES;
				GCC_C_LANGUAGE_STANDARD = gnu17;
				GCC_DYNAMIC_NO_PIC = NO;
				GCC_NO_COMMON_BLOCKS = YES;
				GCC_OPTIMIZATION_LEVEL = 0;
				GCC_PREPROCESSOR_DEFINITIONS = (
					"DEBUG=1",
					"$(inherited)",
				);
				GCC_WARN_64_TO_32_BIT_CONVERSION = YES;
				GCC_WARN_ABOUT_RETURN_TYPE = YES_ERROR;
				GCC_WARN_UNDECLARED_SELECTOR = YES;
				GCC_WARN_UNINITIALIZED_AUTOS = YES_AGGRESSIVE;
				GCC_WARN_UNUSED_FUNCTION = YES;
				GCC_WARN_UNUSED_VARIABLE = YES;
				IPHONEOS_DEPLOYMENT_TARGET = 17.0;
				LOCALIZATION_PREFERS_STRING_CATALOGS = YES;
				MTL_ENABLE_DEBUG_INFO = INCLUDE_SOURCE;
				MTL_FAST_MATH = YES;
				ONLY_ACTIVE_ARCH = YES;
				SDKROOT = iphoneos;
				SWIFT_ACTIVE_COMPILATION_CONDITIONS = "DEBUG $(inherited)";
				SWIFT_OPTIMIZATION_LEVEL = "-Onone";
			};
			name = Debug;
		};
		05C5A5892CE58B6100966149 /* Release */ = {
			isa = XCBuildConfiguration;
			buildSettings = {
				ALWAYS_SEARCH_USER_PATHS = NO;
				ASSETCATALOG_COMPILER_GENERATE_SWIFT_ASSET_SYMBOL_EXTENSIONS = YES;
				CLANG_ANALYZER_NONNULL = YES;
				CLANG_ANALYZER_NUMBER_OBJECT_CONVERSION = YES_AGGRESSIVE;
				CLANG_CXX_LANGUAGE_STANDARD = "gnu++20";
				CLANG_ENABLE_MODULES = YES;
				CLANG_ENABLE_OBJC_ARC = YES;
				CLANG_ENABLE_OBJC_WEAK = YES;
				CLANG_WARN_BLOCK_CAPTURE_AUTORELEASING = YES;
				CLANG_WARN_BOOL_CONVERSION = YES;
				CLANG_WARN_COMMA = YES;
				CLANG_WARN_CONSTANT_CONVERSION = YES;
				CLANG_WARN_DEPRECATED_OBJC_IMPLEMENTATIONS = YES;
				CLANG_WARN_DIRECT_OBJC_ISA_USAGE = YES_ERROR;
				CLANG_WARN_DOCUMENTATION_COMMENTS = YES;
				CLANG_WARN_EMPTY_BODY = YES;
				CLANG_WARN_ENUM_CONVERSION = YES;
				CLANG_WARN_INFINITE_RECURSION = YES;
				CLANG_WARN_INT_CONVERSION = YES;
				CLANG_WARN_NON_LITERAL_NULL_CONVERSION = YES;
				CLANG_WARN_OBJC_IMPLICIT_RETAIN_SELF = YES;
				CLANG_WARN_OBJC_LITERAL_CONVERSION = YES;
				CLANG_WARN_OBJC_ROOT_CLASS = YES_ERROR;
				CLANG_WARN_QUOTED_INCLUDE_IN_FRAMEWORK_HEADER = YES;
				CLANG_WARN_RANGE_LOOP_ANALYSIS = YES;
				CLANG_WARN_STRICT_PROTOTYPES = YES;
				CLANG_WARN_SUSPICIOUS_MOVE = YES;
				CLANG_WARN_UNGUARDED_AVAILABILITY = YES_AGGRESSIVE;
				CLANG_WARN_UNREACHABLE_CODE = YES;
				CLANG_WARN__DUPLICATE_METHOD_MATCH = YES;
				COPY_PHASE_STRIP = NO;
				DEBUG_INFORMATION_FORMAT = "dwarf-with-dsym";
				ENABLE_NS_ASSERTIONS = NO;
				ENABLE_STRICT_OBJC_MSGSEND = YES;
				ENABLE_USER_SCRIPT_SANDBOXING = YES;
				GCC_C_LANGUAGE_STANDARD = gnu17;
				GCC_NO_COMMON_BLOCKS = YES;
				GCC_WARN_64_TO_32_BIT_CONVERSION = YES;
				GCC_WARN_ABOUT_RETURN_TYPE = YES_ERROR;
				GCC_WARN_UNDECLARED_SELECTOR = YES;
				GCC_WARN_UNINITIALIZED_AUTOS = YES_AGGRESSIVE;
				GCC_WARN_UNUSED_FUNCTION = YES;
				GCC_WARN_UNUSED_VARIABLE = YES;
				IPHONEOS_DEPLOYMENT_TARGET = 17.0;
				LOCALIZATION_PREFERS_STRING_CATALOGS = YES;
				MTL_ENABLE_DEBUG_INFO = NO;
				MTL_FAST_MATH = YES;
				SDKROOT = iphoneos;
				SWIFT_COMPILATION_MODE = wholemodule;
				VALIDATE_PRODUCT = YES;
			};
			name = Release;
		};
		05C5A58B2CE58B6100966149 /* Debug */ = {
			isa = XCBuildConfiguration;
			buildSettings = {
				ASSETCATALOG_COMPILER_APPICON_NAME = AppIcon;
				ASSETCATALOG_COMPILER_GLOBAL_ACCENT_COLOR_NAME = AccentColor;
				CODE_SIGN_STYLE = Automatic;
				CURRENT_PROJECT_VERSION = 1;
				DEVELOPMENT_ASSET_PATHS = "\"Recipes/Preview Content\"";
				DEVELOPMENT_TEAM = JGX8KL9J9F;
				ENABLE_PREVIEWS = YES;
				GENERATE_INFOPLIST_FILE = YES;
				INFOPLIST_KEY_UIApplicationSceneManifest_Generation = YES;
				INFOPLIST_KEY_UIApplicationSupportsIndirectInputEvents = YES;
				INFOPLIST_KEY_UILaunchScreen_Generation = YES;
				INFOPLIST_KEY_UISupportedInterfaceOrientations_iPad = "UIInterfaceOrientationPortrait UIInterfaceOrientationPortraitUpsideDown UIInterfaceOrientationLandscapeLeft UIInterfaceOrientationLandscapeRight";
				INFOPLIST_KEY_UISupportedInterfaceOrientations_iPhone = "UIInterfaceOrientationPortrait UIInterfaceOrientationLandscapeLeft UIInterfaceOrientationLandscapeRight";
				LD_RUNPATH_SEARCH_PATHS = (
					"$(inherited)",
					"@executable_path/Frameworks",
				);
				MARKETING_VERSION = 1.0;
				PRODUCT_BUNDLE_IDENTIFIER = www.LifePathTC.com.Recipes;
				PRODUCT_NAME = "$(TARGET_NAME)";
				SWIFT_EMIT_LOC_STRINGS = YES;
				SWIFT_VERSION = 5.0;
				TARGETED_DEVICE_FAMILY = "1,2";
			};
			name = Debug;
		};
		05C5A58C2CE58B6100966149 /* Release */ = {
			isa = XCBuildConfiguration;
			buildSettings = {
				ASSETCATALOG_COMPILER_APPICON_NAME = AppIcon;
				ASSETCATALOG_COMPILER_GLOBAL_ACCENT_COLOR_NAME = AccentColor;
				CODE_SIGN_STYLE = Automatic;
				CURRENT_PROJECT_VERSION = 1;
				DEVELOPMENT_ASSET_PATHS = "\"Recipes/Preview Content\"";
				DEVELOPMENT_TEAM = JGX8KL9J9F;
				ENABLE_PREVIEWS = YES;
				GENERATE_INFOPLIST_FILE = YES;
				INFOPLIST_KEY_UIApplicationSceneManifest_Generation = YES;
				INFOPLIST_KEY_UIApplicationSupportsIndirectInputEvents = YES;
				INFOPLIST_KEY_UILaunchScreen_Generation = YES;
				INFOPLIST_KEY_UISupportedInterfaceOrientations_iPad = "UIInterfaceOrientationPortrait UIInterfaceOrientationPortraitUpsideDown UIInterfaceOrientationLandscapeLeft UIInterfaceOrientationLandscapeRight";
				INFOPLIST_KEY_UISupportedInterfaceOrientations_iPhone = "UIInterfaceOrientationPortrait UIInterfaceOrientationLandscapeLeft UIInterfaceOrientationLandscapeRight";
				LD_RUNPATH_SEARCH_PATHS = (
					"$(inherited)",
					"@executable_path/Frameworks",
				);
				MARKETING_VERSION = 1.0;
				PRODUCT_BUNDLE_IDENTIFIER = www.LifePathTC.com.Recipes;
				PRODUCT_NAME = "$(TARGET_NAME)";
				SWIFT_EMIT_LOC_STRINGS = YES;
				SWIFT_VERSION = 5.0;
				TARGETED_DEVICE_FAMILY = "1,2";
			};
			name = Release;
		};
		05C5A58E2CE58B6100966149 /* Debug */ = {
			isa = XCBuildConfiguration;
			buildSettings = {
				ALWAYS_EMBED_SWIFT_STANDARD_LIBRARIES = YES;
				BUNDLE_LOADER = "$(TEST_HOST)";
				CODE_SIGN_STYLE = Automatic;
				CURRENT_PROJECT_VERSION = 1;
				DEVELOPMENT_TEAM = JGX8KL9J9F;
				GENERATE_INFOPLIST_FILE = YES;
				IPHONEOS_DEPLOYMENT_TARGET = 17.0;
				MARKETING_VERSION = 1.0;
				PRODUCT_BUNDLE_IDENTIFIER = www.LifePathTC.com.RecipesTests;
				PRODUCT_NAME = "$(TARGET_NAME)";
				SWIFT_EMIT_LOC_STRINGS = NO;
				SWIFT_VERSION = 5.0;
				TARGETED_DEVICE_FAMILY = "1,2";
				TEST_HOST = "$(BUILT_PRODUCTS_DIR)/Recipes.app/$(BUNDLE_EXECUTABLE_FOLDER_PATH)/Recipes";
			};
			name = Debug;
		};
		05C5A58F2CE58B6100966149 /* Release */ = {
			isa = XCBuildConfiguration;
			buildSettings = {
				ALWAYS_EMBED_SWIFT_STANDARD_LIBRARIES = YES;
				BUNDLE_LOADER = "$(TEST_HOST)";
				CODE_SIGN_STYLE = Automatic;
				CURRENT_PROJECT_VERSION = 1;
				DEVELOPMENT_TEAM = JGX8KL9J9F;
				GENERATE_INFOPLIST_FILE = YES;
				IPHONEOS_DEPLOYMENT_TARGET = 17.0;
				MARKETING_VERSION = 1.0;
				PRODUCT_BUNDLE_IDENTIFIER = www.LifePathTC.com.RecipesTests;
				PRODUCT_NAME = "$(TARGET_NAME)";
				SWIFT_EMIT_LOC_STRINGS = NO;
				SWIFT_VERSION = 5.0;
				TARGETED_DEVICE_FAMILY = "1,2";
				TEST_HOST = "$(BUILT_PRODUCTS_DIR)/Recipes.app/$(BUNDLE_EXECUTABLE_FOLDER_PATH)/Recipes";
			};
			name = Release;
		};
		05C5A5912CE58B6100966149 /* Debug */ = {
			isa = XCBuildConfiguration;
			buildSettings = {
				ALWAYS_EMBED_SWIFT_STANDARD_LIBRARIES = YES;
				CODE_SIGN_STYLE = Automatic;
				CURRENT_PROJECT_VERSION = 1;
				DEVELOPMENT_TEAM = JGX8KL9J9F;
				GENERATE_INFOPLIST_FILE = YES;
				MARKETING_VERSION = 1.0;
				PRODUCT_BUNDLE_IDENTIFIER = www.LifePathTC.com.RecipesUITests;
				PRODUCT_NAME = "$(TARGET_NAME)";
				SWIFT_EMIT_LOC_STRINGS = NO;
				SWIFT_VERSION = 5.0;
				TARGETED_DEVICE_FAMILY = "1,2";
				TEST_TARGET_NAME = Recipes;
			};
			name = Debug;
		};
		05C5A5922CE58B6100966149 /* Release */ = {
			isa = XCBuildConfiguration;
			buildSettings = {
				ALWAYS_EMBED_SWIFT_STANDARD_LIBRARIES = YES;
				CODE_SIGN_STYLE = Automatic;
				CURRENT_PROJECT_VERSION = 1;
				DEVELOPMENT_TEAM = JGX8KL9J9F;
				GENERATE_INFOPLIST_FILE = YES;
				MARKETING_VERSION = 1.0;
				PRODUCT_BUNDLE_IDENTIFIER = www.LifePathTC.com.RecipesUITests;
				PRODUCT_NAME = "$(TARGET_NAME)";
				SWIFT_EMIT_LOC_STRINGS = NO;
				SWIFT_VERSION = 5.0;
				TARGETED_DEVICE_FAMILY = "1,2";
				TEST_TARGET_NAME = Recipes;
			};
			name = Release;
		};
/* End XCBuildConfiguration section */

/* Begin XCConfigurationList section */
		05C5A5612CE58B5F00966149 /* Build configuration list for PBXProject "Recipes" */ = {
			isa = XCConfigurationList;
			buildConfigurations = (
				05C5A5882CE58B6100966149 /* Debug */,
				05C5A5892CE58B6100966149 /* Release */,
			);
			defaultConfigurationIsVisible = 0;
			defaultConfigurationName = Release;
		};
		05C5A58A2CE58B6100966149 /* Build configuration list for PBXNativeTarget "Recipes" */ = {
			isa = XCConfigurationList;
			buildConfigurations = (
				05C5A58B2CE58B6100966149 /* Debug */,
				05C5A58C2CE58B6100966149 /* Release */,
			);
			defaultConfigurationIsVisible = 0;
			defaultConfigurationName = Release;
		};
		05C5A58D2CE58B6100966149 /* Build configuration list for PBXNativeTarget "RecipesTests" */ = {
			isa = XCConfigurationList;
			buildConfigurations = (
				05C5A58E2CE58B6100966149 /* Debug */,
				05C5A58F2CE58B6100966149 /* Release */,
			);
			defaultConfigurationIsVisible = 0;
			defaultConfigurationName = Release;
		};
		05C5A5902CE58B6100966149 /* Build configuration list for PBXNativeTarget "RecipesUITests" */ = {
			isa = XCConfigurationList;
			buildConfigurations = (
				05C5A5912CE58B6100966149 /* Debug */,
				05C5A5922CE58B6100966149 /* Release */,
			);
			defaultConfigurationIsVisible = 0;
			defaultConfigurationName = Release;
		};
/* End XCConfigurationList section */
	};
	rootObject = 05C5A55E2CE58B5F00966149 /* Project object */;
}
